
Microsoft Visual Studio Solution File, Format Version 12.00
# Visual Studio Version 16
Project("{FAE04EC0-301F-11D3-BF4B-00C04F79EFBC}") = "CodeBreaker", "CodeBreaker\CodeBreaker.csproj", "{69C768B0-9B8E-475C-B996-71C3020064DE}"
EndProject
Project("{FAE04EC0-301F-11D3-BF4B-00C04F79EFBC}") = "CodeBreaker.Shared", "CodeBreaker.Shared\CodeBreaker.Shared.csproj", "{73FCBB76-E58C-47DB-8B5E-72D96645D0FF}"
EndProject
Project("{FAE04EC0-301F-11D3-BF4B-00C04F79EFBC}") = "CodeBreaker.Data", "CodeBreaker.Data\CodeBreaker.Data.csproj", "{B23B97FE-9FC6-4344-9F2B-2E731A0E6C48}"
EndProject
Project("{2150E333-8FDC-42A3-9474-1A3956D46DE8}") = "Solution Items", "Solution Items", "{5BC0F929-288D-4792-9C57-B33CB73B7691}"
	ProjectSection(SolutionItems) = preProject
		.gitignore = .gitignore
	EndProjectSection
EndProject
Project("{FAE04EC0-301F-11D3-BF4B-00C04F79EFBC}") = "CodeBreaker.API", "CodeBreaker.API\CodeBreaker.API.csproj", "{FC4DDE4E-8F30-4445-B0A2-66AFBBBD9B0C}"
EndProject
Global
	GlobalSection(SolutionConfigurationPlatforms) = preSolution
		Debug|Any CPU = Debug|Any CPU
		Release|Any CPU = Release|Any CPU
	EndGlobalSection
	GlobalSection(ProjectConfigurationPlatforms) = postSolution
		{69C768B0-9B8E-475C-B996-71C3020064DE}.Debug|Any CPU.ActiveCfg = Debug|Any CPU
		{69C768B0-9B8E-475C-B996-71C3020064DE}.Debug|Any CPU.Build.0 = Debug|Any CPU
		{69C768B0-9B8E-475C-B996-71C3020064DE}.Release|Any CPU.ActiveCfg = Release|Any CPU
		{69C768B0-9B8E-475C-B996-71C3020064DE}.Release|Any CPU.Build.0 = Release|Any CPU
		{73FCBB76-E58C-47DB-8B5E-72D96645D0FF}.Debug|Any CPU.ActiveCfg = Debug|Any CPU
		{73FCBB76-E58C-47DB-8B5E-72D96645D0FF}.Debug|Any CPU.Build.0 = Debug|Any CPU
		{73FCBB76-E58C-47DB-8B5E-72D96645D0FF}.Release|Any CPU.ActiveCfg = Release|Any CPU
		{73FCBB76-E58C-47DB-8B5E-72D96645D0FF}.Release|Any CPU.Build.0 = Release|Any CPU
		{B23B97FE-9FC6-4344-9F2B-2E731A0E6C48}.Debug|Any CPU.ActiveCfg = Debug|Any CPU
		{B23B97FE-9FC6-4344-9F2B-2E731A0E6C48}.Debug|Any CPU.Build.0 = Debug|Any CPU
		{B23B97FE-9FC6-4344-9F2B-2E731A0E6C48}.Release|Any CPU.ActiveCfg = Release|Any CPU
		{B23B97FE-9FC6-4344-9F2B-2E731A0E6C48}.Release|Any CPU.Build.0 = Release|Any CPU
		{FC4DDE4E-8F30-4445-B0A2-66AFBBBD9B0C}.Debug|Any CPU.ActiveCfg = Debug|Any CPU
		{FC4DDE4E-8F30-4445-B0A2-66AFBBBD9B0C}.Debug|Any CPU.Build.0 = Debug|Any CPU
		{FC4DDE4E-8F30-4445-B0A2-66AFBBBD9B0C}.Release|Any CPU.ActiveCfg = Release|Any CPU
		{FC4DDE4E-8F30-4445-B0A2-66AFBBBD9B0C}.Release|Any CPU.Build.0 = Release|Any CPU
	EndGlobalSection
EndGlobal
